[{<<"cowboy">>,
  {git,"git://github.com/ninenines/cowboy.git",
       {ref,"d8cdd9bd15e76dca3014f6f76c0ab6666b1dbda3"}},
  0},
 {<<"cowlib">>,
  {git,"https://github.com/ninenines/cowlib",
       {ref,"07cde7c6def6eeed0174b270229e7d5175673d87"}},
  1},
 {<<"eredis">>,
  {git,"git://github.com/wooga/eredis.git",
       {ref,"0951eff7a2241d38b9c4d2c5a6734eda74db945d"}},
  0},
 {<<"jiffy">>,
  {git,"git://github.com/davisp/jiffy.git",
       {ref,"06aaf440e091c9fd5f8aea557ac760a33bd37130"}},
  0},
 {<<"quickrand">>,
  {git,"https://github.com/okeuday/quickrand.git",
       {ref,"c7eca718faa0d52c097155263dea6c25067396f7"}},
  1},
 {<<"ranch">>,
  {git,"https://github.com/ninenines/ranch",
       {ref,"40809cd2b257a8a53bcb5588ecaa88cc5381ff5c"}},
  1},
 {<<"uuid">>,
  {git,"git://github.com/okeuday/uuid.git",
       {ref,"41c3725fe87a11f7d2e77463dcff72eb11fcdee0"}},
  0}].
